{
  "version": 4,
  "terraform_version": "1.7.3",
  "serial": 11,
  "lineage": "460ebf15-da48-f3a1-b146-c01425265df0",
  "outputs": {},
  "resources": [
    {
      "mode": "managed",
      "type": "azurerm_log_analytics_workspace",
      "name": "log",
      "provider": "provider[\"registry.terraform.io/hashicorp/azurerm\"]",
      "instances": [
        {
          "schema_version": 2,
          "attributes": {
            "daily_quota_gb": -1,
            "id": "/subscriptions/ee28e18c-ae49-4740-bdb3-222b154c9136/resourceGroups/mytg-rg/providers/Microsoft.OperationalInsights/workspaces/acctest-01",
            "internet_ingestion_enabled": true,
            "internet_query_enabled": true,
            "location": "centralindia",
            "name": "acctest-01",
            "portal_url": "",
            "primary_shared_key": "lE9uZMqvKegDX4oLRNDuDV3Bjh73LlKF6ZdAa3CfwS02twTUj6JRGYZPE7sT2N1Hm8eTjQwSD67K0M6xhqyXzQ==",
            "resource_group_name": "mytg-rg",
            "retention_in_days": 30,
            "secondary_shared_key": "iyuMDc6rCiPAo6EyRdWojTW4dF/3gXHVJ/pFWXSoh4BPNd50fKfFWc1yKJGRJH/q0RBNKWgT9rT8ZOJfQvUwcw==",
            "sku": "PerGB2018",
            "tags": null,
            "timeouts": null,
            "workspace_id": "d4201409-20dc-465d-9f06-2dcccf1e3de3"
          },
          "sensitive_attributes": [],
          "private": "eyJlMmJmYjczMC1lY2FhLTExZTYtOGY4OC0zNDM2M2JjN2M0YzAiOnsiY3JlYXRlIjoxODAwMDAwMDAwMDAwLCJkZWxldGUiOjE4MDAwMDAwMDAwMDAsInJlYWQiOjMwMDAwMDAwMDAwMCwidXBkYXRlIjoxODAwMDAwMDAwMDAwfSwic2NoZW1hX3ZlcnNpb24iOiIyIn0=",
          "dependencies": [
            "azurerm_resource_group.Alert"
          ]
        }
      ]
    },
    {
      "mode": "managed",
      "type": "azurerm_monitor_action_group",
      "name": "example",
      "provider": "provider[\"registry.terraform.io/hashicorp/azurerm\"]",
      "instances": [
        {
          "schema_version": 0,
          "attributes": {
            "arm_role_receiver": [],
            "automation_runbook_receiver": [],
            "azure_app_push_receiver": [],
            "azure_function_receiver": [],
            "email_receiver": [
              {
                "email_address": "yaswanthkumaranbu@gmail.com",
                "name": "sendtodevops",
                "use_common_alert_schema": true
              }
            ],
            "enabled": true,
            "id": "/subscriptions/EE28E18C-AE49-4740-BDB3-222B154C9136/resourceGroups/mytg-rg/providers/microsoft.insights/actionGroups/CriticalAlertsAction",
            "itsm_receiver": [],
            "logic_app_receiver": [],
            "name": "CriticalAlertsAction",
            "resource_group_name": "mytg-rg",
            "short_name": "p0action",
            "sms_receiver": [],
            "tags": null,
            "timeouts": null,
            "voice_receiver": [],
            "webhook_receiver": []
          },
          "sensitive_attributes": [],
          "private": "eyJlMmJmYjczMC1lY2FhLTExZTYtOGY4OC0zNDM2M2JjN2M0YzAiOnsiY3JlYXRlIjoxODAwMDAwMDAwMDAwLCJkZWxldGUiOjE4MDAwMDAwMDAwMDAsInJlYWQiOjMwMDAwMDAwMDAwMCwidXBkYXRlIjoxODAwMDAwMDAwMDAwfX0=",
          "dependencies": [
            "azurerm_resource_group.Alert"
          ]
        }
      ]
    },
    {
      "mode": "managed",
      "type": "azurerm_monitor_metric_alert",
      "name": "metric_alert",
      "provider": "provider[\"registry.terraform.io/hashicorp/azurerm\"]",
      "instances": [
        {
          "schema_version": 0,
          "attributes": {
            "action": [
              {
                "action_group_id": "/subscriptions/EE28E18C-AE49-4740-BDB3-222B154C9136/resourceGroups/mytg-rg/providers/microsoft.insights/actionGroups/CriticalAlertsAction",
                "webhook_properties": null
              }
            ],
            "application_insights_web_test_location_availability_criteria": [],
            "auto_mitigate": true,
            "criteria": [
              {
                "aggregation": "Total",
                "dimension": [],
                "metric_name": "Transactions",
                "metric_namespace": "Microsoft.Storage/storageAccounts",
                "operator": "GreaterThan",
                "threshold": 50
              }
            ],
            "description": "Action will be triggered when Transactions count is greater than 50.",
            "dynamic_criteria": [],
            "enabled": true,
            "frequency": "PT1M",
            "id": "/subscriptions/ee28e18c-ae49-4740-bdb3-222b154c9136/resourceGroups/mytg-rg/providers/Microsoft.Insights/metricAlerts/metricalert",
            "name": "metricalert",
            "resource_group_name": "mytg-rg",
            "scopes": [
              "/subscriptions/ee28e18c-ae49-4740-bdb3-222b154c9136/resourceGroups/mytg-rg/providers/Microsoft.Storage/storageAccounts/yascentilionstorage"
            ],
            "severity": 3,
            "tags": null,
            "target_resource_location": "",
            "target_resource_type": "",
            "timeouts": null,
            "window_size": "PT5M"
          },
          "sensitive_attributes": [],
          "private": "eyJlMmJmYjczMC1lY2FhLTExZTYtOGY4OC0zNDM2M2JjN2M0YzAiOnsiY3JlYXRlIjoxODAwMDAwMDAwMDAwLCJkZWxldGUiOjE4MDAwMDAwMDAwMDAsInJlYWQiOjMwMDAwMDAwMDAwMCwidXBkYXRlIjoxODAwMDAwMDAwMDAwfX0=",
          "dependencies": [
            "azurerm_monitor_action_group.example",
            "azurerm_resource_group.Alert",
            "azurerm_storage_account.example"
          ]
        }
      ]
    },
    {
      "mode": "managed",
      "type": "azurerm_network_security_group",
      "name": "example",
      "provider": "provider[\"registry.terraform.io/hashicorp/azurerm\"]",
      "instances": [
        {
          "schema_version": 0,
          "attributes": {
            "id": "/subscriptions/ee28e18c-ae49-4740-bdb3-222b154c9136/resourceGroups/mytg-rg/providers/Microsoft.Network/networkSecurityGroups/mytg-nsg",
            "location": "centralindia",
            "name": "mytg-nsg",
            "resource_group_name": "mytg-rg",
            "security_rule": [
              {
                "access": "Allow",
                "description": "",
                "destination_address_prefix": "*",
                "destination_address_prefixes": [],
                "destination_application_security_group_ids": [],
                "destination_port_range": "80",
                "destination_port_ranges": [],
                "direction": "Inbound",
                "name": "Allow_HTTP",
                "priority": 100,
                "protocol": "Tcp",
                "source_address_prefix": "*",
                "source_address_prefixes": [],
                "source_application_security_group_ids": [],
                "source_port_range": "*",
                "source_port_ranges": []
              }
            ],
            "tags": {
              "environment": "Production"
            },
            "timeouts": null
          },
          "sensitive_attributes": [],
          "private": "eyJlMmJmYjczMC1lY2FhLTExZTYtOGY4OC0zNDM2M2JjN2M0YzAiOnsiY3JlYXRlIjoxODAwMDAwMDAwMDAwLCJkZWxldGUiOjE4MDAwMDAwMDAwMDAsInJlYWQiOjMwMDAwMDAwMDAwMCwidXBkYXRlIjoxODAwMDAwMDAwMDAwfX0=",
          "dependencies": [
            "azurerm_resource_group.Alert"
          ]
        }
      ]
    },
    {
      "mode": "managed",
      "type": "azurerm_resource_group",
      "name": "Alert",
      "provider": "provider[\"registry.terraform.io/hashicorp/azurerm\"]",
      "instances": [
        {
          "schema_version": 0,
          "attributes": {
            "id": "/subscriptions/ee28e18c-ae49-4740-bdb3-222b154c9136/resourceGroups/mytg-rg",
            "location": "centralindia",
            "name": "mytg-rg",
            "tags": {
              "terraform": "terraform"
            },
            "timeouts": null
          },
          "sensitive_attributes": [],
          "private": "eyJlMmJmYjczMC1lY2FhLTExZTYtOGY4OC0zNDM2M2JjN2M0YzAiOnsiY3JlYXRlIjo1NDAwMDAwMDAwMDAwLCJkZWxldGUiOjU0MDAwMDAwMDAwMDAsInJlYWQiOjMwMDAwMDAwMDAwMCwidXBkYXRlIjo1NDAwMDAwMDAwMDAwfX0="
        }
      ]
    },
    {
      "mode": "managed",
      "type": "azurerm_storage_account",
      "name": "example",
      "provider": "provider[\"registry.terraform.io/hashicorp/azurerm\"]",
      "instances": [
        {
          "schema_version": 2,
          "attributes": {
            "access_tier": "Hot",
            "account_kind": "StorageV2",
            "account_replication_type": "LRS",
            "account_tier": "Standard",
            "allow_blob_public_access": false,
            "blob_properties": [],
            "custom_domain": [],
            "enable_https_traffic_only": true,
            "id": "/subscriptions/ee28e18c-ae49-4740-bdb3-222b154c9136/resourceGroups/mytg-rg/providers/Microsoft.Storage/storageAccounts/yascentilionstorage",
            "identity": [],
            "is_hns_enabled": true,
            "large_file_share_enabled": null,
            "location": "centralindia",
            "min_tls_version": "TLS1_0",
            "name": "yascentilionstorage",
            "network_rules": [
              {
                "bypass": [
                  "AzureServices"
                ],
                "default_action": "Allow",
                "ip_rules": [],
                "virtual_network_subnet_ids": []
              }
            ],
            "primary_access_key": "Jo6qYtcH3c3egG+Gg6Ez2XOkMUn2MO2WfvIq/eq7i4hSd559lmE4jkQ6yKYuMzpKKc6IepHHVjei+ASt5nIYdQ==",
            "primary_blob_connection_string": "DefaultEndpointsProtocol=https;BlobEndpoint=https://yascentilionstorage.blob.core.windows.net/;AccountName=yascentilionstorage;AccountKey=Jo6qYtcH3c3egG+Gg6Ez2XOkMUn2MO2WfvIq/eq7i4hSd559lmE4jkQ6yKYuMzpKKc6IepHHVjei+ASt5nIYdQ==",
            "primary_blob_endpoint": "https://yascentilionstorage.blob.core.windows.net/",
            "primary_blob_host": "yascentilionstorage.blob.core.windows.net",
            "primary_connection_string": "DefaultEndpointsProtocol=https;AccountName=yascentilionstorage;AccountKey=Jo6qYtcH3c3egG+Gg6Ez2XOkMUn2MO2WfvIq/eq7i4hSd559lmE4jkQ6yKYuMzpKKc6IepHHVjei+ASt5nIYdQ==;EndpointSuffix=core.windows.net",
            "primary_dfs_endpoint": "https://yascentilionstorage.dfs.core.windows.net/",
            "primary_dfs_host": "yascentilionstorage.dfs.core.windows.net",
            "primary_file_endpoint": "https://yascentilionstorage.file.core.windows.net/",
            "primary_file_host": "yascentilionstorage.file.core.windows.net",
            "primary_location": "centralindia",
            "primary_queue_endpoint": "https://yascentilionstorage.queue.core.windows.net/",
            "primary_queue_host": "yascentilionstorage.queue.core.windows.net",
            "primary_table_endpoint": "https://yascentilionstorage.table.core.windows.net/",
            "primary_table_host": "yascentilionstorage.table.core.windows.net",
            "primary_web_endpoint": "https://yascentilionstorage.z29.web.core.windows.net/",
            "primary_web_host": "yascentilionstorage.z29.web.core.windows.net",
            "queue_properties": [
              {
                "cors_rule": [],
                "hour_metrics": [
                  {
                    "enabled": true,
                    "include_apis": true,
                    "retention_policy_days": 7,
                    "version": "1.0"
                  }
                ],
                "logging": [
                  {
                    "delete": false,
                    "read": false,
                    "retention_policy_days": 0,
                    "version": "1.0",
                    "write": false
                  }
                ],
                "minute_metrics": [
                  {
                    "enabled": false,
                    "include_apis": false,
                    "retention_policy_days": 0,
                    "version": "1.0"
                  }
                ]
              }
            ],
            "resource_group_name": "mytg-rg",
            "secondary_access_key": "ZHOZDhMKhXHWc7czxM/juPDHNuK5/FrhoT8MA1mf3ZFLJtl3Ul0Tb5FDur6UbZVDEAY3XC4FQ8dB+AStuHSJ1w==",
            "secondary_blob_connection_string": "",
            "secondary_blob_endpoint": null,
            "secondary_blob_host": null,
            "secondary_connection_string": "DefaultEndpointsProtocol=https;AccountName=yascentilionstorage;AccountKey=ZHOZDhMKhXHWc7czxM/juPDHNuK5/FrhoT8MA1mf3ZFLJtl3Ul0Tb5FDur6UbZVDEAY3XC4FQ8dB+AStuHSJ1w==;EndpointSuffix=core.windows.net",
            "secondary_dfs_endpoint": null,
            "secondary_dfs_host": null,
            "secondary_file_endpoint": null,
            "secondary_file_host": null,
            "secondary_location": "",
            "secondary_queue_endpoint": null,
            "secondary_queue_host": null,
            "secondary_table_endpoint": null,
            "secondary_table_host": null,
            "secondary_web_endpoint": null,
            "secondary_web_host": null,
            "static_website": [],
            "tags": {
              "environment": "Production"
            },
            "timeouts": null
          },
          "sensitive_attributes": [],
          "private": "eyJlMmJmYjczMC1lY2FhLTExZTYtOGY4OC0zNDM2M2JjN2M0YzAiOnsiY3JlYXRlIjozNjAwMDAwMDAwMDAwLCJkZWxldGUiOjM2MDAwMDAwMDAwMDAsInJlYWQiOjMwMDAwMDAwMDAwMCwidXBkYXRlIjozNjAwMDAwMDAwMDAwfSwic2NoZW1hX3ZlcnNpb24iOiIyIn0=",
          "dependencies": [
            "azurerm_resource_group.Alert"
          ]
        }
      ]
    },
    {
      "mode": "managed",
      "type": "azurerm_subnet",
      "name": "example",
      "provider": "provider[\"registry.terraform.io/hashicorp/azurerm\"]",
      "instances": [
        {
          "schema_version": 0,
          "attributes": {
            "address_prefix": "10.0.1.0/24",
            "address_prefixes": [
              "10.0.1.0/24"
            ],
            "delegation": [],
            "enforce_private_link_endpoint_network_policies": false,
            "enforce_private_link_service_network_policies": false,
            "id": "/subscriptions/ee28e18c-ae49-4740-bdb3-222b154c9136/resourceGroups/mytg-rg/providers/Microsoft.Network/virtualNetworks/mytg-vnet/subnets/mytg-subnet",
            "name": "mytg-subnet",
            "resource_group_name": "mytg-rg",
            "service_endpoint_policy_ids": null,
            "service_endpoints": null,
            "timeouts": null,
            "virtual_network_name": "mytg-vnet"
          },
          "sensitive_attributes": [],
          "private": "eyJlMmJmYjczMC1lY2FhLTExZTYtOGY4OC0zNDM2M2JjN2M0YzAiOnsiY3JlYXRlIjoxODAwMDAwMDAwMDAwLCJkZWxldGUiOjE4MDAwMDAwMDAwMDAsInJlYWQiOjMwMDAwMDAwMDAwMCwidXBkYXRlIjoxODAwMDAwMDAwMDAwfX0=",
          "dependencies": [
            "azurerm_resource_group.Alert",
            "azurerm_virtual_network.example"
          ]
        }
      ]
    },
    {
      "mode": "managed",
      "type": "azurerm_subnet_network_security_group_association",
      "name": "example",
      "provider": "provider[\"registry.terraform.io/hashicorp/azurerm\"]",
      "instances": [
        {
          "schema_version": 0,
          "attributes": {
            "id": "/subscriptions/ee28e18c-ae49-4740-bdb3-222b154c9136/resourceGroups/mytg-rg/providers/Microsoft.Network/virtualNetworks/mytg-vnet/subnets/mytg-subnet",
            "network_security_group_id": "/subscriptions/ee28e18c-ae49-4740-bdb3-222b154c9136/resourceGroups/mytg-rg/providers/Microsoft.Network/networkSecurityGroups/mytg-nsg",
            "subnet_id": "/subscriptions/ee28e18c-ae49-4740-bdb3-222b154c9136/resourceGroups/mytg-rg/providers/Microsoft.Network/virtualNetworks/mytg-vnet/subnets/mytg-subnet",
            "timeouts": null
          },
          "sensitive_attributes": [],
          "private": "eyJlMmJmYjczMC1lY2FhLTExZTYtOGY4OC0zNDM2M2JjN2M0YzAiOnsiY3JlYXRlIjoxODAwMDAwMDAwMDAwLCJkZWxldGUiOjE4MDAwMDAwMDAwMDAsInJlYWQiOjMwMDAwMDAwMDAwMCwidXBkYXRlIjoxODAwMDAwMDAwMDAwfX0=",
          "dependencies": [
            "azurerm_network_security_group.example",
            "azurerm_resource_group.Alert",
            "azurerm_subnet.example",
            "azurerm_virtual_network.example"
          ]
        }
      ]
    },
    {
      "mode": "managed",
      "type": "azurerm_virtual_network",
      "name": "example",
      "provider": "provider[\"registry.terraform.io/hashicorp/azurerm\"]",
      "instances": [
        {
          "schema_version": 0,
          "attributes": {
            "address_space": [
              "10.0.0.0/16"
            ],
            "bgp_community": "",
            "ddos_protection_plan": [],
            "dns_servers": null,
            "guid": "d742ab53-969e-4a07-bbc6-a984ffb85f05",
            "id": "/subscriptions/ee28e18c-ae49-4740-bdb3-222b154c9136/resourceGroups/mytg-rg/providers/Microsoft.Network/virtualNetworks/mytg-vnet",
            "location": "centralindia",
            "name": "mytg-vnet",
            "resource_group_name": "mytg-rg",
            "subnet": [],
            "tags": {
              "terraform": "terraform"
            },
            "timeouts": null,
            "vm_protection_enabled": false
          },
          "sensitive_attributes": [],
          "private": "eyJlMmJmYjczMC1lY2FhLTExZTYtOGY4OC0zNDM2M2JjN2M0YzAiOnsiY3JlYXRlIjoxODAwMDAwMDAwMDAwLCJkZWxldGUiOjE4MDAwMDAwMDAwMDAsInJlYWQiOjMwMDAwMDAwMDAwMCwidXBkYXRlIjoxODAwMDAwMDAwMDAwfX0=",
          "dependencies": [
            "azurerm_resource_group.Alert"
          ]
        }
      ]
    }
  ],
  "check_results": null
}
